{
  "originHash" : "e0ac310c5936eadc95bf2f76213129f5bf99f82f27ca8876f6ed1e42bb607828",
  "pins" : [
    {
      "identity" : "appauth-ios",
      "kind" : "remoteSourceControl",
      "location" : "https://github.com/openid/AppAuth-iOS.git",
      "state" : {
        "revision" : "145104f5ea9d58ae21b60add007c33c1cc0c948e",
        "version" : "2.0.0"
      }
    },
    {
      "identity" : "ioscryptointerop",
      "kind" : "remoteSourceControl",
      "location" : "https://github.com/the-best-is-best/IOSCryptoInterop.git",
      "state" : {
        "revision" : "4fc8aa4a1af0794d08eebd275d2fff3ea79704a8",
        "version" : "1.0.0"
      }
    }
  ],
  "version" : 3
}
